
Microsoft Visual Studio Solution File, Format Version 12.00
# Visual Studio Version 17
VisualStudioVersion = 17.6.33723.286
MinimumVisualStudioVersion = 10.0.40219.1
Project("{9A19103F-16F7-4668-BE54-9A1E7A4F7556}") = "Latte.TestBed", "Latte.TestBed\Latte.TestBed.csproj", "{AC36EE20-F167-4844-AAE9-B61B8501E1AF}"
EndProject
Project("{9A19103F-16F7-4668-BE54-9A1E7A4F7556}") = "Latte.Windowing", "Latte.Windowing\Latte.Windowing.csproj", "{A4CE5584-C40A-4246-8297-2DE8FFEAE0D4}"
EndProject
Project("{FAE04EC0-301F-11D3-BF4B-00C04F79EFBC}") = "Latte.Hotload", "Latte.Hotload\Latte.Hotload.csproj", "{F5AD8A6E-EF04-4CCD-8765-AE62DBE686DD}"
EndProject
Project("{FAE04EC0-301F-11D3-BF4B-00C04F79EFBC}") = "Latte.Engine", "Latte.Engine\Latte.Engine.csproj", "{B5B27639-0681-4318-8058-B5409D011108}"
EndProject
Global
	GlobalSection(SolutionConfigurationPlatforms) = preSolution
		Debug|Any CPU = Debug|Any CPU
		Release|Any CPU = Release|Any CPU
	EndGlobalSection
	GlobalSection(ProjectConfigurationPlatforms) = postSolution
		{AC36EE20-F167-4844-AAE9-B61B8501E1AF}.Debug|Any CPU.ActiveCfg = Debug|Any CPU
		{AC36EE20-F167-4844-AAE9-B61B8501E1AF}.Debug|Any CPU.Build.0 = Debug|Any CPU
		{AC36EE20-F167-4844-AAE9-B61B8501E1AF}.Release|Any CPU.ActiveCfg = Release|Any CPU
		{AC36EE20-F167-4844-AAE9-B61B8501E1AF}.Release|Any CPU.Build.0 = Release|Any CPU
		{A4CE5584-C40A-4246-8297-2DE8FFEAE0D4}.Debug|Any CPU.ActiveCfg = Debug|Any CPU
		{A4CE5584-C40A-4246-8297-2DE8FFEAE0D4}.Debug|Any CPU.Build.0 = Debug|Any CPU
		{A4CE5584-C40A-4246-8297-2DE8FFEAE0D4}.Release|Any CPU.ActiveCfg = Release|Any CPU
		{A4CE5584-C40A-4246-8297-2DE8FFEAE0D4}.Release|Any CPU.Build.0 = Release|Any CPU
		{F5AD8A6E-EF04-4CCD-8765-AE62DBE686DD}.Debug|Any CPU.ActiveCfg = Debug|Any CPU
		{F5AD8A6E-EF04-4CCD-8765-AE62DBE686DD}.Debug|Any CPU.Build.0 = Debug|Any CPU
		{F5AD8A6E-EF04-4CCD-8765-AE62DBE686DD}.Release|Any CPU.ActiveCfg = Release|Any CPU
		{F5AD8A6E-EF04-4CCD-8765-AE62DBE686DD}.Release|Any CPU.Build.0 = Release|Any CPU
		{B5B27639-0681-4318-8058-B5409D011108}.Debug|Any CPU.ActiveCfg = Debug|Any CPU
		{B5B27639-0681-4318-8058-B5409D011108}.Debug|Any CPU.Build.0 = Debug|Any CPU
		{B5B27639-0681-4318-8058-B5409D011108}.Release|Any CPU.ActiveCfg = Release|Any CPU
		{B5B27639-0681-4318-8058-B5409D011108}.Release|Any CPU.Build.0 = Release|Any CPU
	EndGlobalSection
	GlobalSection(SolutionProperties) = preSolution
		HideSolutionNode = FALSE
	EndGlobalSection
	GlobalSection(ExtensibilityGlobals) = postSolution
		SolutionGuid = {45C5CD34-4BD5-434B-9205-A05AFBF64BC2}
	EndGlobalSection
EndGlobal
